
Microsoft Visual Studio Solution File, Format Version 12.00
# Visual Studio Version 17
VisualStudioVersion = 17.5.002.0
MinimumVisualStudioVersion = 10.0.40219.1
Project("{9A19103F-16F7-4668-BE54-9A1E7A4F7556}") = "tserver", "tserver\tserver.csproj", "{25BA2671-52C9-42D2-BD1D-A01EE5F1ADAE}"
EndProject
Project("{FAE04EC0-301F-11D3-BF4B-00C04F79EFBC}") = "StaticFileService.Tests", "StaticFileService.Tests\StaticFileService.Tests.csproj", "{F6029FCB-EBBF-4E9C-9EA0-8F9580DF43D1}"
EndProject
Project("{FAE04EC0-301F-11D3-BF4B-00C04F79EFBC}") = "IntegrationTests", "IntegrationTests\IntegrationTests.csproj", "{BD227DF4-5538-4967-BC5C-CAD3EF6CCA04}"
EndProject
Global
	GlobalSection(SolutionConfigurationPlatforms) = preSolution
		Debug|Any CPU = Debug|Any CPU
		Release|Any CPU = Release|Any CPU
	EndGlobalSection
	GlobalSection(ProjectConfigurationPlatforms) = postSolution
		{25BA2671-52C9-42D2-BD1D-A01EE5F1ADAE}.Debug|Any CPU.ActiveCfg = Debug|Any CPU
		{25BA2671-52C9-42D2-BD1D-A01EE5F1ADAE}.Debug|Any CPU.Build.0 = Debug|Any CPU
		{25BA2671-52C9-42D2-BD1D-A01EE5F1ADAE}.Release|Any CPU.ActiveCfg = Release|Any CPU
		{25BA2671-52C9-42D2-BD1D-A01EE5F1ADAE}.Release|Any CPU.Build.0 = Release|Any CPU
		{F6029FCB-EBBF-4E9C-9EA0-8F9580DF43D1}.Debug|Any CPU.ActiveCfg = Debug|Any CPU
		{F6029FCB-EBBF-4E9C-9EA0-8F9580DF43D1}.Debug|Any CPU.Build.0 = Debug|Any CPU
		{F6029FCB-EBBF-4E9C-9EA0-8F9580DF43D1}.Release|Any CPU.ActiveCfg = Release|Any CPU
		{F6029FCB-EBBF-4E9C-9EA0-8F9580DF43D1}.Release|Any CPU.Build.0 = Release|Any CPU
		{BD227DF4-5538-4967-BC5C-CAD3EF6CCA04}.Debug|Any CPU.ActiveCfg = Debug|Any CPU
		{BD227DF4-5538-4967-BC5C-CAD3EF6CCA04}.Debug|Any CPU.Build.0 = Debug|Any CPU
		{BD227DF4-5538-4967-BC5C-CAD3EF6CCA04}.Release|Any CPU.ActiveCfg = Release|Any CPU
		{BD227DF4-5538-4967-BC5C-CAD3EF6CCA04}.Release|Any CPU.Build.0 = Release|Any CPU
	EndGlobalSection
	GlobalSection(SolutionProperties) = preSolution
		HideSolutionNode = FALSE
	EndGlobalSection
	GlobalSection(ExtensibilityGlobals) = postSolution
		SolutionGuid = {30DA8FFB-027B-4416-8C50-DDE9BA98D7C1}
	EndGlobalSection
EndGlobal
